# This file is generated by running "yarn install" inside your project.
# Manual changes might be lost - proceed with caution!

__metadata:
  version: 8
  cacheKey: 10c0

"boostrap@npm:^2.0.0":
  version: 2.0.0
  resolution: "boostrap@npm:2.0.0"
  checksum: 10c0/51091b7727cf79475a5550edd79b800c6f7e2eab296e4aae062a4ce32da7d6c5c4fe49d55aa87104da67737bce8e9bb6439c8eb23523b5ca9154b51e7e87e29c
  languageName: node
  linkType: hard

"jquery@npm:^3.7.1":
  version: 3.7.1
  resolution: "jquery@npm:3.7.1"
  checksum: 10c0/808cfbfb758438560224bf26e17fcd5afc7419170230c810dd11f5c1792e2263e2970cca8d659eb84fcd9acc301edb6d310096e450277d54be4f57071b0c82d9
  languageName: node
  linkType: hard

"ninacarducci.github.io-v2@workspace:.":
  version: 0.0.0-use.local
  resolution: "ninacarducci.github.io-v2@workspace:."
  dependencies:
    boostrap: "npm:^2.0.0"
    jquery: "npm:^3.7.1"
  languageName: unknown
  linkType: soft
